
Microsoft Visual Studio Solution File, Format Version 12.00
# Visual Studio 15
VisualStudioVersion = 15.0.27130.2020
MinimumVisualStudioVersion = 10.0.40219.1
Project("{888888A0-9F3D-457C-B088-3A5042F75D52}") = "DjangoWebProject1", "DjangoWebProject1.pyproj", "{AF871A0F-A821-4DA2-AE6B-54CBF1CED625}"
EndProject
Global
	GlobalSection(SolutionConfigurationPlatforms) = preSolution
		Debug|Any CPU = Debug|Any CPU
		Release|Any CPU = Release|Any CPU
	EndGlobalSection
	GlobalSection(ProjectConfigurationPlatforms) = postSolution
		{AF871A0F-A821-4DA2-AE6B-54CBF1CED625}.Debug|Any CPU.ActiveCfg = Debug|Any CPU
		{AF871A0F-A821-4DA2-AE6B-54CBF1CED625}.Debug|Any CPU.Build.0 = Debug|Any CPU
		{AF871A0F-A821-4DA2-AE6B-54CBF1CED625}.Release|Any CPU.ActiveCfg = Release|Any CPU
		{AF871A0F-A821-4DA2-AE6B-54CBF1CED625}.Release|Any CPU.Build.0 = Release|Any CPU
	EndGlobalSection
	GlobalSection(SolutionProperties) = preSolution
		HideSolutionNode = FALSE
	EndGlobalSection
	GlobalSection(ExtensibilityGlobals) = postSolution
		SolutionGuid = {0A151260-8749-40D6-B3FB-EAF3F3548DEC}
	EndGlobalSection
EndGlobal
